{
  "name": "@wulkanowy/insomnia-plugin-uonet-request-signer",
  "version": "0.1.1",
  "lockfileVersion": 1,
  "requires": true,
  "dependencies": {
    "@wulkanowy/uonet-request-signer": {
      "version": "0.2.1",
      "resolved": "https://registry.npmjs.org/@wulkanowy/uonet-request-signer/-/uonet-request-signer-0.2.1.tgz",
      "integrity": "sha512-Vd7uiGI9iaLPf534/7W8LKk8n2axtMGXWbAOGFg10gtsEEwM4a/A2Z76olXFQKsMpMdWRMeSuTRVJ0psXrF0uw==",
      "requires": {
        "node-forge": "^0.9.0"
      }
    },
    "node-forge": {
      "version": "0.9.0",
      "resolved": "https://registry.npmjs.org/node-forge/-/node-forge-0.9.0.tgz",
      "integrity": "sha512-7ASaDa3pD+lJ3WvXFsxekJQelBKRpne+GOVbLbtHYdd7pFspyeuJHnWfLplGf3SwKGbfs/aYl5V/JCIaHVUKKQ=="
    }
  }
}
