{
  "name": "@wulkanowy/insomnia-plugin-uonet-request-signer",
  "version": "0.1.1",
  "lockfileVersion": 1,
  "requires": true,
  "dependencies": {
    "@wulkanowy/uonet-request-signer": {
      "version": "0.2.0",
      "resolved": "https://registry.npmjs.org/@wulkanowy/uonet-request-signer/-/uonet-request-signer-0.2.0.tgz",
      "integrity": "sha512-LElDEgN99gUQJimdgvgfZd092FZEb7M8rrZk+o8nMxWyx1xyWSRXxdzygGggt80mvHaPji6CfkwdsTwBfwYIBw==",
      "requires": {
        "node-forge": "^0.8.2"
      }
    },
    "node-forge": {
      "version": "0.8.2",
      "resolved": "https://registry.npmjs.org/node-forge/-/node-forge-0.8.2.tgz",
      "integrity": "sha512-mXQ9GBq1N3uDCyV1pdSzgIguwgtVpM7f5/5J4ipz12PKWElmPpVWLDuWl8iXmhysr21+WmX/OJ5UKx82wjomgg=="
    }
  }
}
